
Microsoft Visual Studio Solution File, Format Version 12.00
# Visual Studio Version 17
VisualStudioVersion = 17.6.33829.357
MinimumVisualStudioVersion = 10.0.40219.1
Project("{8BC9CEB8-8B4A-11D0-8D11-00A0C91BC942}") = "PZ5", "PZ5.vcxproj", "{4DEF2FBF-57C1-435F-8F0C-5D4E1E198845}"
EndProject
Global
	GlobalSection(SolutionConfigurationPlatforms) = preSolution
		Debug|x64 = Debug|x64
		Debug|x86 = Debug|x86
		Release|x64 = Release|x64
		Release|x86 = Release|x86
	EndGlobalSection
	GlobalSection(ProjectConfigurationPlatforms) = postSolution
		{4DEF2FBF-57C1-435F-8F0C-5D4E1E198845}.Debug|x64.ActiveCfg = Debug|x64
		{4DEF2FBF-57C1-435F-8F0C-5D4E1E198845}.Debug|x64.Build.0 = Debug|x64
		{4DEF2FBF-57C1-435F-8F0C-5D4E1E198845}.Debug|x86.ActiveCfg = Debug|Win32
		{4DEF2FBF-57C1-435F-8F0C-5D4E1E198845}.Debug|x86.Build.0 = Debug|Win32
		{4DEF2FBF-57C1-435F-8F0C-5D4E1E198845}.Release|x64.ActiveCfg = Release|x64
		{4DEF2FBF-57C1-435F-8F0C-5D4E1E198845}.Release|x64.Build.0 = Release|x64
		{4DEF2FBF-57C1-435F-8F0C-5D4E1E198845}.Release|x86.ActiveCfg = Release|Win32
		{4DEF2FBF-57C1-435F-8F0C-5D4E1E198845}.Release|x86.Build.0 = Release|Win32
	EndGlobalSection
	GlobalSection(SolutionProperties) = preSolution
		HideSolutionNode = FALSE
	EndGlobalSection
	GlobalSection(ExtensibilityGlobals) = postSolution
		SolutionGuid = {F965FB09-C67A-4B31-8236-886BC608B1F1}
	EndGlobalSection
EndGlobal
